
Microsoft Visual Studio Solution File, Format Version 12.00
# Visual Studio 15
VisualStudioVersion = 15.0.25928.0
MinimumVisualStudioVersion = 10.0.40219.1
Project("{2150E333-8FDC-42A3-9474-1A3956D46DE8}") = "src", "src", "{26E7F9CC-D486-466E-9FBF-30E73655B389}"
EndProject
Project("{2150E333-8FDC-42A3-9474-1A3956D46DE8}") = "tests", "tests", "{DA37E1D0-3D0C-41F9-AA87-9B1827D7E51A}"
EndProject
Project("{9A19103F-16F7-4668-BE54-9A1E7A4F7556}") = "NetAdmin.Web", "src\NetAdmin.Web\NetAdmin.Web.csproj", "{77D8D292-73EA-41A5-85CE-E41F2D193455}"
EndProject
Project("{FAE04EC0-301F-11D3-BF4B-00C04F79EFBC}") = "NetAdmin.Application", "src\NetAdmin.Application\NetAdmin.Application.csproj", "{4F8F1657-6139-4D52-AC84-ACF78D49A3A6}"
EndProject
Project("{FAE04EC0-301F-11D3-BF4B-00C04F79EFBC}") = "NetAdmin.Infrastructure", "src\NetAdmin.Infrastructure\NetAdmin.Infrastructure.csproj", "{80FD38BD-179B-4C6F-8F47-7C16791FA15A}"
EndProject
Project("{FAE04EC0-301F-11D3-BF4B-00C04F79EFBC}") = "NetAdmin.Business", "src\NetAdmin.Business\NetAdmin.Business.csproj", "{3EB93910-D3A1-4742-B693-447D0775E650}"
EndProject
Project("{FAE04EC0-301F-11D3-BF4B-00C04F79EFBC}") = "NetAdmin.Tests", "tests\NetAdmin.Tests\NetAdmin.Tests.csproj", "{982814B2-3572-4506-A0AF-BBADC7427476}"
EndProject
Project("{FAE04EC0-301F-11D3-BF4B-00C04F79EFBC}") = "NetAdmin.Auth", "src\NetAdmin.Auth\NetAdmin.Auth.csproj", "{27118791-C558-40FA-B300-C73BAB1D66E7}"
EndProject
Project("{FAE04EC0-301F-11D3-BF4B-00C04F79EFBC}") = "NetAdmin.Auth.ConsoleTest", "src\NetAdmin.Auth.ConsoleTest\NetAdmin.Auth.ConsoleTest.csproj", "{940F8A60-9D55-482A-8A5C-6C67D11CB5EC}"
EndProject
Project("{FAE04EC0-301F-11D3-BF4B-00C04F79EFBC}") = "NetAdmin.DataAccess", "src\NetAdmin.DataAccess\NetAdmin.DataAccess.csproj", "{B719F525-A91E-4A78-B27D-BD4BF35BAE15}"
EndProject
Project("{FAE04EC0-301F-11D3-BF4B-00C04F79EFBC}") = "NetAdmin.Log", "src\NetAdmin.Log\NetAdmin.Log.csproj", "{A2E00947-3DA6-495E-ABA0-AFF84417BF04}"
EndProject
Project("{FAE04EC0-301F-11D3-BF4B-00C04F79EFBC}") = "NetAdmin.Common.Abstractions", "src\NetAdmin.Common.Abstractions\NetAdmin.Common.Abstractions.csproj", "{0EABEBB1-077F-4B65-8C97-ED0F5A80EC1E}"
EndProject
Global
	GlobalSection(SolutionConfigurationPlatforms) = preSolution
		Debug|Any CPU = Debug|Any CPU
		Release|Any CPU = Release|Any CPU
	EndGlobalSection
	GlobalSection(ProjectConfigurationPlatforms) = postSolution
		{77D8D292-73EA-41A5-85CE-E41F2D193455}.Debug|Any CPU.ActiveCfg = Debug|Any CPU
		{77D8D292-73EA-41A5-85CE-E41F2D193455}.Debug|Any CPU.Build.0 = Debug|Any CPU
		{77D8D292-73EA-41A5-85CE-E41F2D193455}.Release|Any CPU.ActiveCfg = Debug|Any CPU
		{77D8D292-73EA-41A5-85CE-E41F2D193455}.Release|Any CPU.Build.0 = Debug|Any CPU
		{4F8F1657-6139-4D52-AC84-ACF78D49A3A6}.Debug|Any CPU.ActiveCfg = Debug|Any CPU
		{4F8F1657-6139-4D52-AC84-ACF78D49A3A6}.Debug|Any CPU.Build.0 = Debug|Any CPU
		{4F8F1657-6139-4D52-AC84-ACF78D49A3A6}.Release|Any CPU.ActiveCfg = Release|Any CPU
		{4F8F1657-6139-4D52-AC84-ACF78D49A3A6}.Release|Any CPU.Build.0 = Release|Any CPU
		{80FD38BD-179B-4C6F-8F47-7C16791FA15A}.Debug|Any CPU.ActiveCfg = Debug|Any CPU
		{80FD38BD-179B-4C6F-8F47-7C16791FA15A}.Debug|Any CPU.Build.0 = Debug|Any CPU
		{80FD38BD-179B-4C6F-8F47-7C16791FA15A}.Release|Any CPU.ActiveCfg = Release|Any CPU
		{80FD38BD-179B-4C6F-8F47-7C16791FA15A}.Release|Any CPU.Build.0 = Release|Any CPU
		{3EB93910-D3A1-4742-B693-447D0775E650}.Debug|Any CPU.ActiveCfg = Debug|Any CPU
		{3EB93910-D3A1-4742-B693-447D0775E650}.Debug|Any CPU.Build.0 = Debug|Any CPU
		{3EB93910-D3A1-4742-B693-447D0775E650}.Release|Any CPU.ActiveCfg = Release|Any CPU
		{3EB93910-D3A1-4742-B693-447D0775E650}.Release|Any CPU.Build.0 = Release|Any CPU
		{982814B2-3572-4506-A0AF-BBADC7427476}.Debug|Any CPU.ActiveCfg = Debug|Any CPU
		{982814B2-3572-4506-A0AF-BBADC7427476}.Debug|Any CPU.Build.0 = Debug|Any CPU
		{982814B2-3572-4506-A0AF-BBADC7427476}.Release|Any CPU.ActiveCfg = Release|Any CPU
		{982814B2-3572-4506-A0AF-BBADC7427476}.Release|Any CPU.Build.0 = Release|Any CPU
		{27118791-C558-40FA-B300-C73BAB1D66E7}.Debug|Any CPU.ActiveCfg = Debug|Any CPU
		{27118791-C558-40FA-B300-C73BAB1D66E7}.Debug|Any CPU.Build.0 = Debug|Any CPU
		{27118791-C558-40FA-B300-C73BAB1D66E7}.Release|Any CPU.ActiveCfg = Release|Any CPU
		{27118791-C558-40FA-B300-C73BAB1D66E7}.Release|Any CPU.Build.0 = Release|Any CPU
		{940F8A60-9D55-482A-8A5C-6C67D11CB5EC}.Debug|Any CPU.ActiveCfg = Debug|Any CPU
		{940F8A60-9D55-482A-8A5C-6C67D11CB5EC}.Debug|Any CPU.Build.0 = Debug|Any CPU
		{940F8A60-9D55-482A-8A5C-6C67D11CB5EC}.Release|Any CPU.ActiveCfg = Release|Any CPU
		{940F8A60-9D55-482A-8A5C-6C67D11CB5EC}.Release|Any CPU.Build.0 = Release|Any CPU
		{B719F525-A91E-4A78-B27D-BD4BF35BAE15}.Debug|Any CPU.ActiveCfg = Debug|Any CPU
		{B719F525-A91E-4A78-B27D-BD4BF35BAE15}.Debug|Any CPU.Build.0 = Debug|Any CPU
		{B719F525-A91E-4A78-B27D-BD4BF35BAE15}.Release|Any CPU.ActiveCfg = Release|Any CPU
		{B719F525-A91E-4A78-B27D-BD4BF35BAE15}.Release|Any CPU.Build.0 = Release|Any CPU
		{A2E00947-3DA6-495E-ABA0-AFF84417BF04}.Debug|Any CPU.ActiveCfg = Debug|Any CPU
		{A2E00947-3DA6-495E-ABA0-AFF84417BF04}.Debug|Any CPU.Build.0 = Debug|Any CPU
		{A2E00947-3DA6-495E-ABA0-AFF84417BF04}.Release|Any CPU.ActiveCfg = Release|Any CPU
		{A2E00947-3DA6-495E-ABA0-AFF84417BF04}.Release|Any CPU.Build.0 = Release|Any CPU
		{0EABEBB1-077F-4B65-8C97-ED0F5A80EC1E}.Debug|Any CPU.ActiveCfg = Debug|Any CPU
		{0EABEBB1-077F-4B65-8C97-ED0F5A80EC1E}.Debug|Any CPU.Build.0 = Debug|Any CPU
		{0EABEBB1-077F-4B65-8C97-ED0F5A80EC1E}.Release|Any CPU.ActiveCfg = Release|Any CPU
		{0EABEBB1-077F-4B65-8C97-ED0F5A80EC1E}.Release|Any CPU.Build.0 = Release|Any CPU
	EndGlobalSection
	GlobalSection(SolutionProperties) = preSolution
		HideSolutionNode = FALSE
	EndGlobalSection
	GlobalSection(NestedProjects) = preSolution
		{77D8D292-73EA-41A5-85CE-E41F2D193455} = {26E7F9CC-D486-466E-9FBF-30E73655B389}
		{4F8F1657-6139-4D52-AC84-ACF78D49A3A6} = {26E7F9CC-D486-466E-9FBF-30E73655B389}
		{80FD38BD-179B-4C6F-8F47-7C16791FA15A} = {26E7F9CC-D486-466E-9FBF-30E73655B389}
		{3EB93910-D3A1-4742-B693-447D0775E650} = {26E7F9CC-D486-466E-9FBF-30E73655B389}
		{982814B2-3572-4506-A0AF-BBADC7427476} = {DA37E1D0-3D0C-41F9-AA87-9B1827D7E51A}
		{27118791-C558-40FA-B300-C73BAB1D66E7} = {26E7F9CC-D486-466E-9FBF-30E73655B389}
		{940F8A60-9D55-482A-8A5C-6C67D11CB5EC} = {26E7F9CC-D486-466E-9FBF-30E73655B389}
		{B719F525-A91E-4A78-B27D-BD4BF35BAE15} = {26E7F9CC-D486-466E-9FBF-30E73655B389}
		{A2E00947-3DA6-495E-ABA0-AFF84417BF04} = {26E7F9CC-D486-466E-9FBF-30E73655B389}
		{0EABEBB1-077F-4B65-8C97-ED0F5A80EC1E} = {26E7F9CC-D486-466E-9FBF-30E73655B389}
	EndGlobalSection
EndGlobal
