
Microsoft Visual Studio Solution File, Format Version 12.00
# Visual Studio 15
VisualStudioVersion = 15.0.25914.0
MinimumVisualStudioVersion = 10.0.40219.1
Project("{2150E333-8FDC-42A3-9474-1A3956D46DE8}") = "src", "src", "{26E7F9CC-D486-466E-9FBF-30E73655B389}"
EndProject
Project("{9A19103F-16F7-4668-BE54-9A1E7A4F7556}") = "NetAdmin", "src\NetAdmin\NetAdmin.csproj", "{77D8D292-73EA-41A5-85CE-E41F2D193455}"
EndProject
Global
	GlobalSection(SolutionConfigurationPlatforms) = preSolution
		Debug|Any CPU = Debug|Any CPU
		Release|Any CPU = Release|Any CPU
	EndGlobalSection
	GlobalSection(ProjectConfigurationPlatforms) = postSolution
		{77D8D292-73EA-41A5-85CE-E41F2D193455}.Debug|Any CPU.ActiveCfg = Debug|Any CPU
		{77D8D292-73EA-41A5-85CE-E41F2D193455}.Debug|Any CPU.Build.0 = Debug|Any CPU
		{77D8D292-73EA-41A5-85CE-E41F2D193455}.Release|Any CPU.ActiveCfg = Debug|Any CPU
		{77D8D292-73EA-41A5-85CE-E41F2D193455}.Release|Any CPU.Build.0 = Debug|Any CPU
	EndGlobalSection
	GlobalSection(SolutionProperties) = preSolution
		HideSolutionNode = FALSE
	EndGlobalSection
	GlobalSection(NestedProjects) = preSolution
		{77D8D292-73EA-41A5-85CE-E41F2D193455} = {26E7F9CC-D486-466E-9FBF-30E73655B389}
	EndGlobalSection
EndGlobal
